
Microsoft Visual Studio Solution File, Format Version 12.00
# Visual Studio 15
VisualStudioVersion = 15.0.27130.2026
MinimumVisualStudioVersion = 10.0.40219.1
Project("{FAE04EC0-301F-11D3-BF4B-00C04F79EFBC}") = "GenericLife", "GenericLife\GenericLife.csproj", "{5542D5AD-8AD9-4DD1-8A2F-D194B9BF5A2A}"
EndProject
Global
	GlobalSection(SolutionConfigurationPlatforms) = preSolution
		Debug|Any CPU = Debug|Any CPU
		Release|Any CPU = Release|Any CPU
	EndGlobalSection
	GlobalSection(ProjectConfigurationPlatforms) = postSolution
		{5542D5AD-8AD9-4DD1-8A2F-D194B9BF5A2A}.Debug|Any CPU.ActiveCfg = Debug|Any CPU
		{5542D5AD-8AD9-4DD1-8A2F-D194B9BF5A2A}.Debug|Any CPU.Build.0 = Debug|Any CPU
		{5542D5AD-8AD9-4DD1-8A2F-D194B9BF5A2A}.Release|Any CPU.ActiveCfg = Release|Any CPU
		{5542D5AD-8AD9-4DD1-8A2F-D194B9BF5A2A}.Release|Any CPU.Build.0 = Release|Any CPU
	EndGlobalSection
	GlobalSection(SolutionProperties) = preSolution
		HideSolutionNode = FALSE
	EndGlobalSection
	GlobalSection(ExtensibilityGlobals) = postSolution
		SolutionGuid = {486AECB8-B229-4CF9-8F04-3E5087A60AFC}
	EndGlobalSection
EndGlobal
